lockfileVersion: '9.0'

settings:
  autoInstallPeers: true
  excludeLinksFromLockfile: false

importers:

  .:
    dependencies:
      api:
        specifier: link:api
        version: link:api
      server:
        specifier: link:server
        version: link:server
      vite-react-typescript-starter:
        specifier: link:client
        version: link:client
